
Microsoft Visual Studio Solution File, Format Version 12.00
# Visual Studio 15
VisualStudioVersion = 15.0.26430.6
MinimumVisualStudioVersion = 10.0.40219.1
Project("{FAE04EC0-301F-11D3-BF4B-00C04F79EFBC}") = "AutoFacExample", "AutoFacExample\AutoFacExample.csproj", "{1960E473-4F4F-42F4-BDB3-1791F05E6E68}"
EndProject
Project("{FAE04EC0-301F-11D3-BF4B-00C04F79EFBC}") = "AutoFacExample.Tests", "AutoFacExample.Tests\AutoFacExample.Tests.csproj", "{AD9700AA-F162-4B06-BC31-F830ED415144}"
EndProject
Global
	GlobalSection(SolutionConfigurationPlatforms) = preSolution
		Debug|Any CPU = Debug|Any CPU
		Release|Any CPU = Release|Any CPU
	EndGlobalSection
	GlobalSection(ProjectConfigurationPlatforms) = postSolution
		{1960E473-4F4F-42F4-BDB3-1791F05E6E68}.Debug|Any CPU.ActiveCfg = Debug|Any CPU
		{1960E473-4F4F-42F4-BDB3-1791F05E6E68}.Debug|Any CPU.Build.0 = Debug|Any CPU
		{1960E473-4F4F-42F4-BDB3-1791F05E6E68}.Release|Any CPU.ActiveCfg = Release|Any CPU
		{1960E473-4F4F-42F4-BDB3-1791F05E6E68}.Release|Any CPU.Build.0 = Release|Any CPU
		{AD9700AA-F162-4B06-BC31-F830ED415144}.Debug|Any CPU.ActiveCfg = Debug|Any CPU
		{AD9700AA-F162-4B06-BC31-F830ED415144}.Debug|Any CPU.Build.0 = Debug|Any CPU
		{AD9700AA-F162-4B06-BC31-F830ED415144}.Release|Any CPU.ActiveCfg = Release|Any CPU
		{AD9700AA-F162-4B06-BC31-F830ED415144}.Release|Any CPU.Build.0 = Release|Any CPU
	EndGlobalSection
	GlobalSection(SolutionProperties) = preSolution
		HideSolutionNode = FALSE
	EndGlobalSection
EndGlobal
